
Microsoft Visual Studio Solution File, Format Version 12.00
# Visual Studio Version 17
VisualStudioVersion = 17.0.31919.166
MinimumVisualStudioVersion = 10.0.40219.1
Project("{FAE04EC0-301F-11D3-BF4B-00C04F79EFBC}") = "blockTimeWebApi", "blockTimeWebApi.csproj", "{F1C76AAE-5ABF-4EF6-AC20-53E08D997A0F}"
EndProject
Global
	GlobalSection(SolutionConfigurationPlatforms) = preSolution
		Debug|Any CPU = Debug|Any CPU
		Release|Any CPU = Release|Any CPU
	EndGlobalSection
	GlobalSection(ProjectConfigurationPlatforms) = postSolution
		{F1C76AAE-5ABF-4EF6-AC20-53E08D997A0F}.Debug|Any CPU.ActiveCfg = Debug|Any CPU
		{F1C76AAE-5ABF-4EF6-AC20-53E08D997A0F}.Debug|Any CPU.Build.0 = Debug|Any CPU
		{F1C76AAE-5ABF-4EF6-AC20-53E08D997A0F}.Release|Any CPU.ActiveCfg = Release|Any CPU
		{F1C76AAE-5ABF-4EF6-AC20-53E08D997A0F}.Release|Any CPU.Build.0 = Release|Any CPU
	EndGlobalSection
	GlobalSection(SolutionProperties) = preSolution
		HideSolutionNode = FALSE
	EndGlobalSection
	GlobalSection(ExtensibilityGlobals) = postSolution
		SolutionGuid = {6CA1D966-DD53-4788-BD72-2AEB6E421956}
	EndGlobalSection
EndGlobal
